
Microsoft Visual Studio Solution File, Format Version 12.00
# Visual Studio Version 17
VisualStudioVersion = 17.0.31903.59
MinimumVisualStudioVersion = 10.0.40219.1
Project("{2150E333-8FDC-42A3-9474-1A3956D46DE8}") = "src", "src", "{EDB52E39-B709-44C5-9F59-64FA815BCD55}"
EndProject
Project("{FAE04EC0-301F-11D3-BF4B-00C04F79EFBC}") = "AuctionService", "src\AuctionService\AuctionService.csproj", "{F683B200-DB0F-4881-BE43-483F08D29F5D}"
EndProject
Project("{FAE04EC0-301F-11D3-BF4B-00C04F79EFBC}") = "SearchService", "src\SearchService\SearchService.csproj", "{07E0CF3A-D2FA-476E-8E50-4C0E6FF0FC94}"
EndProject
Project("{FAE04EC0-301F-11D3-BF4B-00C04F79EFBC}") = "Contracts", "src\Contracts\Contracts.csproj", "{60777292-E3D1-488D-96F8-CC28AD8B940E}"
EndProject
Project("{FAE04EC0-301F-11D3-BF4B-00C04F79EFBC}") = "IdentityService", "src\IdentityService\IdentityService.csproj", "{1850C041-EE96-442B-93D3-6D31E08F75C1}"
EndProject
Global
	GlobalSection(SolutionConfigurationPlatforms) = preSolution
		Debug|Any CPU = Debug|Any CPU
		Release|Any CPU = Release|Any CPU
	EndGlobalSection
	GlobalSection(SolutionProperties) = preSolution
		HideSolutionNode = FALSE
	EndGlobalSection
	GlobalSection(ProjectConfigurationPlatforms) = postSolution
		{F683B200-DB0F-4881-BE43-483F08D29F5D}.Debug|Any CPU.ActiveCfg = Debug|Any CPU
		{F683B200-DB0F-4881-BE43-483F08D29F5D}.Debug|Any CPU.Build.0 = Debug|Any CPU
		{F683B200-DB0F-4881-BE43-483F08D29F5D}.Release|Any CPU.ActiveCfg = Release|Any CPU
		{F683B200-DB0F-4881-BE43-483F08D29F5D}.Release|Any CPU.Build.0 = Release|Any CPU
		{07E0CF3A-D2FA-476E-8E50-4C0E6FF0FC94}.Debug|Any CPU.ActiveCfg = Debug|Any CPU
		{07E0CF3A-D2FA-476E-8E50-4C0E6FF0FC94}.Debug|Any CPU.Build.0 = Debug|Any CPU
		{07E0CF3A-D2FA-476E-8E50-4C0E6FF0FC94}.Release|Any CPU.ActiveCfg = Release|Any CPU
		{07E0CF3A-D2FA-476E-8E50-4C0E6FF0FC94}.Release|Any CPU.Build.0 = Release|Any CPU
		{60777292-E3D1-488D-96F8-CC28AD8B940E}.Debug|Any CPU.ActiveCfg = Debug|Any CPU
		{60777292-E3D1-488D-96F8-CC28AD8B940E}.Debug|Any CPU.Build.0 = Debug|Any CPU
		{60777292-E3D1-488D-96F8-CC28AD8B940E}.Release|Any CPU.ActiveCfg = Release|Any CPU
		{60777292-E3D1-488D-96F8-CC28AD8B940E}.Release|Any CPU.Build.0 = Release|Any CPU
		{1850C041-EE96-442B-93D3-6D31E08F75C1}.Debug|Any CPU.ActiveCfg = Debug|Any CPU
		{1850C041-EE96-442B-93D3-6D31E08F75C1}.Debug|Any CPU.Build.0 = Debug|Any CPU
		{1850C041-EE96-442B-93D3-6D31E08F75C1}.Release|Any CPU.ActiveCfg = Release|Any CPU
		{1850C041-EE96-442B-93D3-6D31E08F75C1}.Release|Any CPU.Build.0 = Release|Any CPU
	EndGlobalSection
	GlobalSection(NestedProjects) = preSolution
		{F683B200-DB0F-4881-BE43-483F08D29F5D} = {EDB52E39-B709-44C5-9F59-64FA815BCD55}
		{07E0CF3A-D2FA-476E-8E50-4C0E6FF0FC94} = {EDB52E39-B709-44C5-9F59-64FA815BCD55}
		{60777292-E3D1-488D-96F8-CC28AD8B940E} = {EDB52E39-B709-44C5-9F59-64FA815BCD55}
		{1850C041-EE96-442B-93D3-6D31E08F75C1} = {EDB52E39-B709-44C5-9F59-64FA815BCD55}
	EndGlobalSection
EndGlobal
